
Microsoft Visual Studio Solution File, Format Version 11.00
# Visual Studio 2010
Project("{FAE04EC0-301F-11D3-BF4B-00C04F79EFBC}") = "Sandstorm", "Sandstorm\Sandstorm\Sandstorm.csproj", "{FFDB76C3-4EBF-4115-A89F-5CDDB8DCE56C}"
EndProject
Project("{FAE04EC0-301F-11D3-BF4B-00C04F79EFBC}") = "SandstormContent", "Sandstorm\SandstormContent\SandstormContent.contentproj", "{CD38F6FA-BADC-4510-811D-CE20496BA8D7}"
EndProject
Project("{FAE04EC0-301F-11D3-BF4B-00C04F79EFBC}") = "SandstormKinect", "SandstormKinect\SandstormKinect.csproj", "{5531CED4-3CCB-403F-B23C-3DF4616A441D}"
EndProject
Project("{FAE04EC0-301F-11D3-BF4B-00C04F79EFBC}") = "ParticleStormDLL", "ParticleStormDLL\ParticleStormDLL\ParticleStormDLL.csproj", "{AD731E39-672A-43DC-92F3-B04D5935F9A7}"
EndProject
Project("{FAE04EC0-301F-11D3-BF4B-00C04F79EFBC}") = "ParticleStormDLLContent", "ParticleStormDLL\ParticleStormDLLContent\ParticleStormDLLContent\ParticleStormDLLContent.contentproj", "{3607C4EA-3757-4AA2-B1C7-49F0DC379496}"
EndProject
Project("{FAE04EC0-301F-11D3-BF4B-00C04F79EFBC}") = "SandstormConfiguration", "SandstormConfiguration\SandstormConfiguration.csproj", "{3A0F9408-0160-445E-BA3F-C57EA83DFBBB}"
EndProject
Global
	GlobalSection(SolutionConfigurationPlatforms) = preSolution
		Debug|Any CPU = Debug|Any CPU
		Debug|Mixed Platforms = Debug|Mixed Platforms
		Debug|x86 = Debug|x86
		Release|Any CPU = Release|Any CPU
		Release|Mixed Platforms = Release|Mixed Platforms
		Release|x86 = Release|x86
	EndGlobalSection
	GlobalSection(ProjectConfigurationPlatforms) = postSolution
		{FFDB76C3-4EBF-4115-A89F-5CDDB8DCE56C}.Debug|Any CPU.ActiveCfg = Debug|x86
		{FFDB76C3-4EBF-4115-A89F-5CDDB8DCE56C}.Debug|Any CPU.Build.0 = Debug|x86
		{FFDB76C3-4EBF-4115-A89F-5CDDB8DCE56C}.Debug|Mixed Platforms.ActiveCfg = Debug|x86
		{FFDB76C3-4EBF-4115-A89F-5CDDB8DCE56C}.Debug|Mixed Platforms.Build.0 = Debug|x86
		{FFDB76C3-4EBF-4115-A89F-5CDDB8DCE56C}.Debug|x86.ActiveCfg = Debug|x86
		{FFDB76C3-4EBF-4115-A89F-5CDDB8DCE56C}.Debug|x86.Build.0 = Debug|x86
		{FFDB76C3-4EBF-4115-A89F-5CDDB8DCE56C}.Release|Any CPU.ActiveCfg = Release|x86
		{FFDB76C3-4EBF-4115-A89F-5CDDB8DCE56C}.Release|Mixed Platforms.ActiveCfg = Release|x86
		{FFDB76C3-4EBF-4115-A89F-5CDDB8DCE56C}.Release|Mixed Platforms.Build.0 = Release|x86
		{FFDB76C3-4EBF-4115-A89F-5CDDB8DCE56C}.Release|x86.ActiveCfg = Release|x86
		{FFDB76C3-4EBF-4115-A89F-5CDDB8DCE56C}.Release|x86.Build.0 = Release|x86
		{CD38F6FA-BADC-4510-811D-CE20496BA8D7}.Debug|Any CPU.ActiveCfg = Debug|x86
		{CD38F6FA-BADC-4510-811D-CE20496BA8D7}.Debug|Any CPU.Build.0 = Debug|x86
		{CD38F6FA-BADC-4510-811D-CE20496BA8D7}.Debug|Mixed Platforms.ActiveCfg = Debug|x86
		{CD38F6FA-BADC-4510-811D-CE20496BA8D7}.Debug|x86.ActiveCfg = Debug|x86
		{CD38F6FA-BADC-4510-811D-CE20496BA8D7}.Release|Any CPU.ActiveCfg = Release|x86
		{CD38F6FA-BADC-4510-811D-CE20496BA8D7}.Release|Mixed Platforms.ActiveCfg = Release|x86
		{CD38F6FA-BADC-4510-811D-CE20496BA8D7}.Release|x86.ActiveCfg = Release|x86
		{5531CED4-3CCB-403F-B23C-3DF4616A441D}.Debug|Any CPU.ActiveCfg = Debug|x86
		{5531CED4-3CCB-403F-B23C-3DF4616A441D}.Debug|Any CPU.Build.0 = Debug|x86
		{5531CED4-3CCB-403F-B23C-3DF4616A441D}.Debug|Mixed Platforms.ActiveCfg = Debug|x86
		{5531CED4-3CCB-403F-B23C-3DF4616A441D}.Debug|Mixed Platforms.Build.0 = Debug|x86
		{5531CED4-3CCB-403F-B23C-3DF4616A441D}.Debug|x86.ActiveCfg = Debug|x86
		{5531CED4-3CCB-403F-B23C-3DF4616A441D}.Debug|x86.Build.0 = Debug|x86
		{5531CED4-3CCB-403F-B23C-3DF4616A441D}.Release|Any CPU.ActiveCfg = Release|x86
		{5531CED4-3CCB-403F-B23C-3DF4616A441D}.Release|Mixed Platforms.ActiveCfg = Release|x86
		{5531CED4-3CCB-403F-B23C-3DF4616A441D}.Release|Mixed Platforms.Build.0 = Release|x86
		{5531CED4-3CCB-403F-B23C-3DF4616A441D}.Release|x86.ActiveCfg = Release|x86
		{5531CED4-3CCB-403F-B23C-3DF4616A441D}.Release|x86.Build.0 = Release|x86
		{AD731E39-672A-43DC-92F3-B04D5935F9A7}.Debug|Any CPU.ActiveCfg = Debug|x86
		{AD731E39-672A-43DC-92F3-B04D5935F9A7}.Debug|Any CPU.Build.0 = Debug|x86
		{AD731E39-672A-43DC-92F3-B04D5935F9A7}.Debug|Mixed Platforms.ActiveCfg = Debug|x86
		{AD731E39-672A-43DC-92F3-B04D5935F9A7}.Debug|Mixed Platforms.Build.0 = Debug|x86
		{AD731E39-672A-43DC-92F3-B04D5935F9A7}.Debug|x86.ActiveCfg = Debug|x86
		{AD731E39-672A-43DC-92F3-B04D5935F9A7}.Debug|x86.Build.0 = Debug|x86
		{AD731E39-672A-43DC-92F3-B04D5935F9A7}.Release|Any CPU.ActiveCfg = Release|x86
		{AD731E39-672A-43DC-92F3-B04D5935F9A7}.Release|Mixed Platforms.ActiveCfg = Release|x86
		{AD731E39-672A-43DC-92F3-B04D5935F9A7}.Release|Mixed Platforms.Build.0 = Release|x86
		{AD731E39-672A-43DC-92F3-B04D5935F9A7}.Release|x86.ActiveCfg = Release|x86
		{AD731E39-672A-43DC-92F3-B04D5935F9A7}.Release|x86.Build.0 = Release|x86
		{3607C4EA-3757-4AA2-B1C7-49F0DC379496}.Debug|Any CPU.ActiveCfg = Debug|Any CPU
		{3607C4EA-3757-4AA2-B1C7-49F0DC379496}.Debug|Mixed Platforms.ActiveCfg = Debug|Any CPU
		{3607C4EA-3757-4AA2-B1C7-49F0DC379496}.Debug|x86.ActiveCfg = Debug|Any CPU
		{3607C4EA-3757-4AA2-B1C7-49F0DC379496}.Release|Any CPU.ActiveCfg = Debug|Any CPU
		{3607C4EA-3757-4AA2-B1C7-49F0DC379496}.Release|Mixed Platforms.ActiveCfg = Debug|Any CPU
		{3607C4EA-3757-4AA2-B1C7-49F0DC379496}.Release|x86.ActiveCfg = Debug|Any CPU
		{3A0F9408-0160-445E-BA3F-C57EA83DFBBB}.Debug|Any CPU.ActiveCfg = Debug|Any CPU
		{3A0F9408-0160-445E-BA3F-C57EA83DFBBB}.Debug|Mixed Platforms.ActiveCfg = Debug|Any CPU
		{3A0F9408-0160-445E-BA3F-C57EA83DFBBB}.Debug|Mixed Platforms.Build.0 = Debug|Any CPU
		{3A0F9408-0160-445E-BA3F-C57EA83DFBBB}.Debug|x86.ActiveCfg = Debug|Any CPU
		{3A0F9408-0160-445E-BA3F-C57EA83DFBBB}.Release|Any CPU.ActiveCfg = Release|Any CPU
		{3A0F9408-0160-445E-BA3F-C57EA83DFBBB}.Release|Any CPU.Build.0 = Release|Any CPU
		{3A0F9408-0160-445E-BA3F-C57EA83DFBBB}.Release|Mixed Platforms.ActiveCfg = Release|Any CPU
		{3A0F9408-0160-445E-BA3F-C57EA83DFBBB}.Release|Mixed Platforms.Build.0 = Release|Any CPU
		{3A0F9408-0160-445E-BA3F-C57EA83DFBBB}.Release|x86.ActiveCfg = Release|Any CPU
	EndGlobalSection
	GlobalSection(SolutionProperties) = preSolution
		HideSolutionNode = FALSE
	EndGlobalSection
EndGlobal
